
Microsoft Visual Studio Solution File, Format Version 12.00
# Visual Studio Version 16
VisualStudioVersion = 16.0.30907.101
MinimumVisualStudioVersion = 10.0.40219.1
Project("{FAE04EC0-301F-11D3-BF4B-00C04F79EFBC}") = "DiscordBotTXT", "DiscordBotTXT\DiscordBotTXT.csproj", "{4E432CC1-10F7-4100-BAC1-13708B61EAF8}"
EndProject
Project("{FAE04EC0-301F-11D3-BF4B-00C04F79EFBC}") = "DiscordBotLibrary", "DiscordBotLibrary\DiscordBotLibrary.csproj", "{49DCD2DB-D15F-4741-99B4-FE5A59B7CD02}"
EndProject
Global
	GlobalSection(SolutionConfigurationPlatforms) = preSolution
		Debug|Any CPU = Debug|Any CPU
		Release|Any CPU = Release|Any CPU
	EndGlobalSection
	GlobalSection(ProjectConfigurationPlatforms) = postSolution
		{4E432CC1-10F7-4100-BAC1-13708B61EAF8}.Debug|Any CPU.ActiveCfg = Debug|Any CPU
		{4E432CC1-10F7-4100-BAC1-13708B61EAF8}.Debug|Any CPU.Build.0 = Debug|Any CPU
		{4E432CC1-10F7-4100-BAC1-13708B61EAF8}.Release|Any CPU.ActiveCfg = Release|Any CPU
		{4E432CC1-10F7-4100-BAC1-13708B61EAF8}.Release|Any CPU.Build.0 = Release|Any CPU
		{49DCD2DB-D15F-4741-99B4-FE5A59B7CD02}.Debug|Any CPU.ActiveCfg = Debug|Any CPU
		{49DCD2DB-D15F-4741-99B4-FE5A59B7CD02}.Debug|Any CPU.Build.0 = Debug|Any CPU
		{49DCD2DB-D15F-4741-99B4-FE5A59B7CD02}.Release|Any CPU.ActiveCfg = Release|Any CPU
		{49DCD2DB-D15F-4741-99B4-FE5A59B7CD02}.Release|Any CPU.Build.0 = Release|Any CPU
	EndGlobalSection
	GlobalSection(SolutionProperties) = preSolution
		HideSolutionNode = FALSE
	EndGlobalSection
	GlobalSection(ExtensibilityGlobals) = postSolution
		SolutionGuid = {56215C61-CDD8-41A6-8436-2D8A7AFF1467}
	EndGlobalSection
EndGlobal
